
Microsoft Visual Studio Solution File, Format Version 12.00
# Visual Studio Version 17
VisualStudioVersion = 17.1.32210.238
MinimumVisualStudioVersion = 10.0.40219.1
Project("{9A19103F-16F7-4668-BE54-9A1E7A4F7556}") = "ParserLibrary", "ParserLibrary\ParserLibrary.csproj", "{C4F3E7EF-5767-4074-B5C5-73E108CB3F44}"
EndProject
Project("{9A19103F-16F7-4668-BE54-9A1E7A4F7556}") = "DMN_lib", "DMN_lib\DMN_lib.csproj", "{AF7E512A-4FCB-4016-A2ED-A9DD9761668D}"
EndProject
Project("{9A19103F-16F7-4668-BE54-9A1E7A4F7556}") = "ConsolePerformanceTest", "ConsolePerformanceTest\ConsolePerformanceTest.csproj", "{8E8FEC63-0B57-4D56-9D9E-AA399C31E48E}"
EndProject
Project("{9A19103F-16F7-4668-BE54-9A1E7A4F7556}") = "StandaloneKestrel", "StandaloneKestrel\StandaloneKestrel.csproj", "{DDFA2750-EF3D-4852-A615-A5BD3ED5A7F7}"
EndProject
Project("{FAE04EC0-301F-11D3-BF4B-00C04F79EFBC}") = "GraphVizWrapper", "GraphVizWrapper\GraphVizWrapper.csproj", "{CFEC60DC-14E0-47E4-A60E-8919FB5FEF5D}"
EndProject
Project("{9A19103F-16F7-4668-BE54-9A1E7A4F7556}") = "PluginBase", "PluginBase\PluginBase.csproj", "{1CEDE574-50C3-468B-9C8D-70FF9494DD60}"
EndProject
Project("{9A19103F-16F7-4668-BE54-9A1E7A4F7556}") = "NewParserLibraryShablon", "NewParserLibraryShablon\NewParserLibraryShablon.csproj", "{FD1CC163-39E4-4E2C-83BB-A7D4089A73B0}"
EndProject
Project("{9A19103F-16F7-4668-BE54-9A1E7A4F7556}") = "UniElLib", "UniElLib\UniElLib.csproj", "{1E2465D9-1245-4C9D-846B-C6E17598E519}"
EndProject
Project("{9A19103F-16F7-4668-BE54-9A1E7A4F7556}") = "ConsoleAppPerformance", "ConsoleAppPerformance\ConsoleAppPerformance.csproj", "{D77BF9F1-3070-4FBF-AEAD-3ECAB0FDF13E}"
EndProject
Project("{9A19103F-16F7-4668-BE54-9A1E7A4F7556}") = "TCPServer", "TCPServer\TCPServer.csproj", "{4620A05B-1B98-4784-8F09-649189207A5A}"
EndProject
Project("{9A19103F-16F7-4668-BE54-9A1E7A4F7556}") = "GraphShablons", "GraphShablons\GraphShablons.csproj", "{61A0E38B-F399-4930-9C44-E9672851003E}"
EndProject
Project("{9A19103F-16F7-4668-BE54-9A1E7A4F7556}") = "KafkaTests", "KafkaTests\KafkaTests.csproj", "{32AD0F62-0BF8-4B71-8AD4-82AA8EA441DB}"
EndProject
Project("{9A19103F-16F7-4668-BE54-9A1E7A4F7556}") = "KafkaTestsConsumer", "KafkaTestsConsumer\KafkaTestsConsumer.csproj", "{97075CA5-383A-4256-882B-33641AB463C8}"
EndProject
Project("{9A19103F-16F7-4668-BE54-9A1E7A4F7556}") = "TestFrontInterface", "TestFrontInterface\TestFrontInterface.csproj", "{E5E7B7F3-5A69-4DCA-8796-6A93A16F7A76}"
EndProject
Project("{9A19103F-16F7-4668-BE54-9A1E7A4F7556}") = "FrontInterfaceSupport", "FrontInterfaceSupport\FrontInterfaceSupport.csproj", "{496FA4EE-524D-40F0-9802-07D6147F824E}"
EndProject
Project("{9A19103F-16F7-4668-BE54-9A1E7A4F7556}") = "ClassApiExecutor", "ClassApiExecutor\ClassApiExecutor.csproj", "{05A8B7A6-44BA-48F4-8768-F4471229E053}"
EndProject
Project("{FAE04EC0-301F-11D3-BF4B-00C04F79EFBC}") = "ParserLibrary.Tests", "ParserLibrary.Tests\ParserLibrary.Tests.csproj", "{5C322D82-40F3-4787-90AE-C5BEAFCFA002}"
EndProject
Project("{FAE04EC0-301F-11D3-BF4B-00C04F79EFBC}") = "Plugins", "Plugins\Plugins.csproj", "{110DBC4C-FB5B-4389-ABA1-D0F5115A3A77}"
EndProject
Project("{FAE04EC0-301F-11D3-BF4B-00C04F79EFBC}") = "Plugins.Tests", "Plugins.Tests\Plugins.Tests.csproj", "{074808D0-F25C-4D6A-8322-CA5108485833}"
EndProject
Global
	GlobalSection(SolutionConfigurationPlatforms) = preSolution
		Debug|Any CPU = Debug|Any CPU
		Release|Any CPU = Release|Any CPU
	EndGlobalSection
	GlobalSection(ProjectConfigurationPlatforms) = postSolution
		{C4F3E7EF-5767-4074-B5C5-73E108CB3F44}.Debug|Any CPU.ActiveCfg = Debug|Any CPU
		{C4F3E7EF-5767-4074-B5C5-73E108CB3F44}.Debug|Any CPU.Build.0 = Debug|Any CPU
		{C4F3E7EF-5767-4074-B5C5-73E108CB3F44}.Release|Any CPU.ActiveCfg = Release|Any CPU
		{C4F3E7EF-5767-4074-B5C5-73E108CB3F44}.Release|Any CPU.Build.0 = Release|Any CPU
		{AF7E512A-4FCB-4016-A2ED-A9DD9761668D}.Debug|Any CPU.ActiveCfg = Debug|Any CPU
		{AF7E512A-4FCB-4016-A2ED-A9DD9761668D}.Debug|Any CPU.Build.0 = Debug|Any CPU
		{AF7E512A-4FCB-4016-A2ED-A9DD9761668D}.Release|Any CPU.ActiveCfg = Release|Any CPU
		{AF7E512A-4FCB-4016-A2ED-A9DD9761668D}.Release|Any CPU.Build.0 = Release|Any CPU
		{8E8FEC63-0B57-4D56-9D9E-AA399C31E48E}.Debug|Any CPU.ActiveCfg = Debug|Any CPU
		{8E8FEC63-0B57-4D56-9D9E-AA399C31E48E}.Debug|Any CPU.Build.0 = Debug|Any CPU
		{8E8FEC63-0B57-4D56-9D9E-AA399C31E48E}.Release|Any CPU.ActiveCfg = Release|Any CPU
		{8E8FEC63-0B57-4D56-9D9E-AA399C31E48E}.Release|Any CPU.Build.0 = Release|Any CPU
		{DDFA2750-EF3D-4852-A615-A5BD3ED5A7F7}.Debug|Any CPU.ActiveCfg = Debug|Any CPU
		{DDFA2750-EF3D-4852-A615-A5BD3ED5A7F7}.Debug|Any CPU.Build.0 = Debug|Any CPU
		{DDFA2750-EF3D-4852-A615-A5BD3ED5A7F7}.Release|Any CPU.ActiveCfg = Release|Any CPU
		{DDFA2750-EF3D-4852-A615-A5BD3ED5A7F7}.Release|Any CPU.Build.0 = Release|Any CPU
		{CFEC60DC-14E0-47E4-A60E-8919FB5FEF5D}.Debug|Any CPU.ActiveCfg = Debug|Any CPU
		{CFEC60DC-14E0-47E4-A60E-8919FB5FEF5D}.Debug|Any CPU.Build.0 = Debug|Any CPU
		{CFEC60DC-14E0-47E4-A60E-8919FB5FEF5D}.Release|Any CPU.ActiveCfg = Release|Any CPU
		{CFEC60DC-14E0-47E4-A60E-8919FB5FEF5D}.Release|Any CPU.Build.0 = Release|Any CPU
		{1CEDE574-50C3-468B-9C8D-70FF9494DD60}.Debug|Any CPU.ActiveCfg = Debug|Any CPU
		{1CEDE574-50C3-468B-9C8D-70FF9494DD60}.Debug|Any CPU.Build.0 = Debug|Any CPU
		{1CEDE574-50C3-468B-9C8D-70FF9494DD60}.Release|Any CPU.ActiveCfg = Release|Any CPU
		{1CEDE574-50C3-468B-9C8D-70FF9494DD60}.Release|Any CPU.Build.0 = Release|Any CPU
		{FD1CC163-39E4-4E2C-83BB-A7D4089A73B0}.Debug|Any CPU.ActiveCfg = Debug|Any CPU
		{FD1CC163-39E4-4E2C-83BB-A7D4089A73B0}.Debug|Any CPU.Build.0 = Debug|Any CPU
		{FD1CC163-39E4-4E2C-83BB-A7D4089A73B0}.Release|Any CPU.ActiveCfg = Release|Any CPU
		{FD1CC163-39E4-4E2C-83BB-A7D4089A73B0}.Release|Any CPU.Build.0 = Release|Any CPU
		{1E2465D9-1245-4C9D-846B-C6E17598E519}.Debug|Any CPU.ActiveCfg = Debug|Any CPU
		{1E2465D9-1245-4C9D-846B-C6E17598E519}.Debug|Any CPU.Build.0 = Debug|Any CPU
		{1E2465D9-1245-4C9D-846B-C6E17598E519}.Release|Any CPU.ActiveCfg = Release|Any CPU
		{1E2465D9-1245-4C9D-846B-C6E17598E519}.Release|Any CPU.Build.0 = Release|Any CPU
		{D77BF9F1-3070-4FBF-AEAD-3ECAB0FDF13E}.Debug|Any CPU.ActiveCfg = Debug|Any CPU
		{D77BF9F1-3070-4FBF-AEAD-3ECAB0FDF13E}.Debug|Any CPU.Build.0 = Debug|Any CPU
		{D77BF9F1-3070-4FBF-AEAD-3ECAB0FDF13E}.Release|Any CPU.ActiveCfg = Release|Any CPU
		{D77BF9F1-3070-4FBF-AEAD-3ECAB0FDF13E}.Release|Any CPU.Build.0 = Release|Any CPU
		{4620A05B-1B98-4784-8F09-649189207A5A}.Debug|Any CPU.ActiveCfg = Debug|Any CPU
		{4620A05B-1B98-4784-8F09-649189207A5A}.Debug|Any CPU.Build.0 = Debug|Any CPU
		{4620A05B-1B98-4784-8F09-649189207A5A}.Release|Any CPU.ActiveCfg = Release|Any CPU
		{4620A05B-1B98-4784-8F09-649189207A5A}.Release|Any CPU.Build.0 = Release|Any CPU
		{61A0E38B-F399-4930-9C44-E9672851003E}.Debug|Any CPU.ActiveCfg = Debug|Any CPU
		{61A0E38B-F399-4930-9C44-E9672851003E}.Debug|Any CPU.Build.0 = Debug|Any CPU
		{61A0E38B-F399-4930-9C44-E9672851003E}.Release|Any CPU.ActiveCfg = Release|Any CPU
		{61A0E38B-F399-4930-9C44-E9672851003E}.Release|Any CPU.Build.0 = Release|Any CPU
		{32AD0F62-0BF8-4B71-8AD4-82AA8EA441DB}.Debug|Any CPU.ActiveCfg = Debug|Any CPU
		{32AD0F62-0BF8-4B71-8AD4-82AA8EA441DB}.Debug|Any CPU.Build.0 = Debug|Any CPU
		{32AD0F62-0BF8-4B71-8AD4-82AA8EA441DB}.Release|Any CPU.ActiveCfg = Release|Any CPU
		{32AD0F62-0BF8-4B71-8AD4-82AA8EA441DB}.Release|Any CPU.Build.0 = Release|Any CPU
		{97075CA5-383A-4256-882B-33641AB463C8}.Debug|Any CPU.ActiveCfg = Debug|Any CPU
		{97075CA5-383A-4256-882B-33641AB463C8}.Debug|Any CPU.Build.0 = Debug|Any CPU
		{97075CA5-383A-4256-882B-33641AB463C8}.Release|Any CPU.ActiveCfg = Release|Any CPU
		{97075CA5-383A-4256-882B-33641AB463C8}.Release|Any CPU.Build.0 = Release|Any CPU
		{E5E7B7F3-5A69-4DCA-8796-6A93A16F7A76}.Debug|Any CPU.ActiveCfg = Debug|Any CPU
		{E5E7B7F3-5A69-4DCA-8796-6A93A16F7A76}.Debug|Any CPU.Build.0 = Debug|Any CPU
		{E5E7B7F3-5A69-4DCA-8796-6A93A16F7A76}.Release|Any CPU.ActiveCfg = Release|Any CPU
		{E5E7B7F3-5A69-4DCA-8796-6A93A16F7A76}.Release|Any CPU.Build.0 = Release|Any CPU
		{496FA4EE-524D-40F0-9802-07D6147F824E}.Debug|Any CPU.ActiveCfg = Debug|Any CPU
		{496FA4EE-524D-40F0-9802-07D6147F824E}.Debug|Any CPU.Build.0 = Debug|Any CPU
		{496FA4EE-524D-40F0-9802-07D6147F824E}.Release|Any CPU.ActiveCfg = Release|Any CPU
		{496FA4EE-524D-40F0-9802-07D6147F824E}.Release|Any CPU.Build.0 = Release|Any CPU
		{05A8B7A6-44BA-48F4-8768-F4471229E053}.Debug|Any CPU.ActiveCfg = Debug|Any CPU
		{05A8B7A6-44BA-48F4-8768-F4471229E053}.Debug|Any CPU.Build.0 = Debug|Any CPU
		{05A8B7A6-44BA-48F4-8768-F4471229E053}.Release|Any CPU.ActiveCfg = Release|Any CPU
		{05A8B7A6-44BA-48F4-8768-F4471229E053}.Release|Any CPU.Build.0 = Release|Any CPU
		{5C322D82-40F3-4787-90AE-C5BEAFCFA002}.Debug|Any CPU.ActiveCfg = Debug|Any CPU
		{5C322D82-40F3-4787-90AE-C5BEAFCFA002}.Debug|Any CPU.Build.0 = Debug|Any CPU
		{5C322D82-40F3-4787-90AE-C5BEAFCFA002}.Release|Any CPU.ActiveCfg = Release|Any CPU
		{5C322D82-40F3-4787-90AE-C5BEAFCFA002}.Release|Any CPU.Build.0 = Release|Any CPU
		{110DBC4C-FB5B-4389-ABA1-D0F5115A3A77}.Debug|Any CPU.ActiveCfg = Debug|Any CPU
		{110DBC4C-FB5B-4389-ABA1-D0F5115A3A77}.Debug|Any CPU.Build.0 = Debug|Any CPU
		{110DBC4C-FB5B-4389-ABA1-D0F5115A3A77}.Release|Any CPU.ActiveCfg = Release|Any CPU
		{110DBC4C-FB5B-4389-ABA1-D0F5115A3A77}.Release|Any CPU.Build.0 = Release|Any CPU
		{074808D0-F25C-4D6A-8322-CA5108485833}.Debug|Any CPU.ActiveCfg = Debug|Any CPU
		{074808D0-F25C-4D6A-8322-CA5108485833}.Debug|Any CPU.Build.0 = Debug|Any CPU
		{074808D0-F25C-4D6A-8322-CA5108485833}.Release|Any CPU.ActiveCfg = Release|Any CPU
		{074808D0-F25C-4D6A-8322-CA5108485833}.Release|Any CPU.Build.0 = Release|Any CPU
	EndGlobalSection
	GlobalSection(SolutionProperties) = preSolution
		HideSolutionNode = FALSE
	EndGlobalSection
	GlobalSection(ExtensibilityGlobals) = postSolution
		SolutionGuid = {56866E69-67DA-4730-B517-0294943270E8}
	EndGlobalSection
EndGlobal
