
Microsoft Visual Studio Solution File, Format Version 12.00
# Visual Studio Version 17
VisualStudioVersion = 17.1.32210.238
MinimumVisualStudioVersion = 10.0.40219.1
Project("{9A19103F-16F7-4668-BE54-9A1E7A4F7556}") = "TestJsonRazbor", "TestJsonRazbor\TestJsonRazbor.csproj", "{6A4FB636-033D-4F28-BC83-B331C3F63EC7}"
EndProject
Project("{9A19103F-16F7-4668-BE54-9A1E7A4F7556}") = "ParserLibrary", "ParserLibrary\ParserLibrary.csproj", "{C4F3E7EF-5767-4074-B5C5-73E108CB3F44}"
EndProject
Project("{9A19103F-16F7-4668-BE54-9A1E7A4F7556}") = "ConsoleIntegrityUtility", "ConsoleIntegrityUtility\ConsoleIntegrityUtility.csproj", "{7DAFDB2C-3564-408B-89EF-1CEF04BE8504}"
EndProject
Project("{9A19103F-16F7-4668-BE54-9A1E7A4F7556}") = "ConsoleAppTestUtility", "ConsoleAppTestUtility\ConsoleAppTestUtility.csproj", "{9F81FDDE-1A8F-4B8A-BE4C-8C7ED3BAA9CB}"
EndProject
Project("{9A19103F-16F7-4668-BE54-9A1E7A4F7556}") = "WebApiConsoleUtility", "WebApiConsoleUtility\WebApiConsoleUtility.csproj", "{0FFC7300-24FB-4739-9AD0-BE458EF6B04B}"
EndProject
Project("{9A19103F-16F7-4668-BE54-9A1E7A4F7556}") = "ParserLibrary.Tests", "ParserLibrary.Tests\ParserLibrary.Tests.csproj", "{DD07AA1A-F72A-4787-8C16-99342BB9615D}"
EndProject
Project("{9A19103F-16F7-4668-BE54-9A1E7A4F7556}") = DummyProtocol2ConsoleTest, "DummyProtocol2ConsoleTest\DummyProtocol2ConsoleTest.csproj", "{12D07772-2922-4B4B-BC77-F0FC282F759A}"
EndProject
Project("{9A19103F-16F7-4668-BE54-9A1E7A4F7556}") = "WebApplicationConfigUI1.Server", "WebApplicationConfigUI1\Server\WebApplicationConfigUI1.Server.csproj", "{8982D114-E766-47AD-95AC-340677F58457}"
EndProject
Project("{9A19103F-16F7-4668-BE54-9A1E7A4F7556}") = "WebApplicationConfigUI1.Client", "WebApplicationConfigUI1\Client\WebApplicationConfigUI1.Client.csproj", "{0AFEF43E-AFCD-49FA-816F-D1DD3EE0D16F}"
EndProject
Project("{9A19103F-16F7-4668-BE54-9A1E7A4F7556}") = "WebApplicationConfigUI1.Shared", "WebApplicationConfigUI1\Shared\WebApplicationConfigUI1.Shared.csproj", "{898750A0-913D-4FE5-A87A-7288BA066564}"
EndProject
Project("{9A19103F-16F7-4668-BE54-9A1E7A4F7556}") = "CamundaInterface", "CamundaInterface\CamundaInterface.csproj", "{DFD8F14C-DE89-4930-A441-2DD75EB41BF4}"
EndProject
Project("{9A19103F-16F7-4668-BE54-9A1E7A4F7556}") = "ConsoleAppIUCamunda", "ConsoleAppIUCamunda\ConsoleAppIUCamunda.csproj", "{B47690D9-B414-4721-9FEE-68F198E1BBB9}"
EndProject
Project("{9A19103F-16F7-4668-BE54-9A1E7A4F7556}") = "DMN_lib", "DMN_lib\DMN_lib.csproj", "{AF7E512A-4FCB-4016-A2ED-A9DD9761668D}"
EndProject
Global
	GlobalSection(SolutionConfigurationPlatforms) = preSolution
		Debug|Any CPU = Debug|Any CPU
		Release|Any CPU = Release|Any CPU
	EndGlobalSection
	GlobalSection(ProjectConfigurationPlatforms) = postSolution
		{6A4FB636-033D-4F28-BC83-B331C3F63EC7}.Debug|Any CPU.ActiveCfg = Debug|Any CPU
		{6A4FB636-033D-4F28-BC83-B331C3F63EC7}.Debug|Any CPU.Build.0 = Debug|Any CPU
		{6A4FB636-033D-4F28-BC83-B331C3F63EC7}.Release|Any CPU.ActiveCfg = Release|Any CPU
		{6A4FB636-033D-4F28-BC83-B331C3F63EC7}.Release|Any CPU.Build.0 = Release|Any CPU
		{C4F3E7EF-5767-4074-B5C5-73E108CB3F44}.Debug|Any CPU.ActiveCfg = Debug|Any CPU
		{C4F3E7EF-5767-4074-B5C5-73E108CB3F44}.Debug|Any CPU.Build.0 = Debug|Any CPU
		{C4F3E7EF-5767-4074-B5C5-73E108CB3F44}.Release|Any CPU.ActiveCfg = Release|Any CPU
		{C4F3E7EF-5767-4074-B5C5-73E108CB3F44}.Release|Any CPU.Build.0 = Release|Any CPU
		{7DAFDB2C-3564-408B-89EF-1CEF04BE8504}.Debug|Any CPU.ActiveCfg = Debug|Any CPU
		{7DAFDB2C-3564-408B-89EF-1CEF04BE8504}.Debug|Any CPU.Build.0 = Debug|Any CPU
		{7DAFDB2C-3564-408B-89EF-1CEF04BE8504}.Release|Any CPU.ActiveCfg = Release|Any CPU
		{7DAFDB2C-3564-408B-89EF-1CEF04BE8504}.Release|Any CPU.Build.0 = Release|Any CPU
		{9F81FDDE-1A8F-4B8A-BE4C-8C7ED3BAA9CB}.Debug|Any CPU.ActiveCfg = Debug|Any CPU
		{9F81FDDE-1A8F-4B8A-BE4C-8C7ED3BAA9CB}.Debug|Any CPU.Build.0 = Debug|Any CPU
		{9F81FDDE-1A8F-4B8A-BE4C-8C7ED3BAA9CB}.Release|Any CPU.ActiveCfg = Release|Any CPU
		{9F81FDDE-1A8F-4B8A-BE4C-8C7ED3BAA9CB}.Release|Any CPU.Build.0 = Release|Any CPU
		{0FFC7300-24FB-4739-9AD0-BE458EF6B04B}.Debug|Any CPU.ActiveCfg = Debug|Any CPU
		{0FFC7300-24FB-4739-9AD0-BE458EF6B04B}.Debug|Any CPU.Build.0 = Debug|Any CPU
		{0FFC7300-24FB-4739-9AD0-BE458EF6B04B}.Release|Any CPU.ActiveCfg = Release|Any CPU
		{0FFC7300-24FB-4739-9AD0-BE458EF6B04B}.Release|Any CPU.Build.0 = Release|Any CPU
		{DD07AA1A-F72A-4787-8C16-99342BB9615D}.Debug|Any CPU.ActiveCfg = Debug|Any CPU
		{DD07AA1A-F72A-4787-8C16-99342BB9615D}.Debug|Any CPU.Build.0 = Debug|Any CPU
		{DD07AA1A-F72A-4787-8C16-99342BB9615D}.Release|Any CPU.ActiveCfg = Release|Any CPU
		{DD07AA1A-F72A-4787-8C16-99342BB9615D}.Release|Any CPU.Build.0 = Release|Any CPU
		{12D07772-2922-4B4B-BC77-F0FC282F759A}.Debug|Any CPU.ActiveCfg = Debug|Any CPU
		{12D07772-2922-4B4B-BC77-F0FC282F759A}.Debug|Any CPU.Build.0 = Debug|Any CPU
		{12D07772-2922-4B4B-BC77-F0FC282F759A}.Release|Any CPU.ActiveCfg = Release|Any CPU
		{12D07772-2922-4B4B-BC77-F0FC282F759A}.Release|Any CPU.Build.0 = Release|Any CPU
		{8982D114-E766-47AD-95AC-340677F58457}.Debug|Any CPU.ActiveCfg = Debug|Any CPU
		{8982D114-E766-47AD-95AC-340677F58457}.Debug|Any CPU.Build.0 = Debug|Any CPU
		{8982D114-E766-47AD-95AC-340677F58457}.Release|Any CPU.ActiveCfg = Release|Any CPU
		{8982D114-E766-47AD-95AC-340677F58457}.Release|Any CPU.Build.0 = Release|Any CPU
		{0AFEF43E-AFCD-49FA-816F-D1DD3EE0D16F}.Debug|Any CPU.ActiveCfg = Debug|Any CPU
		{0AFEF43E-AFCD-49FA-816F-D1DD3EE0D16F}.Debug|Any CPU.Build.0 = Debug|Any CPU
		{0AFEF43E-AFCD-49FA-816F-D1DD3EE0D16F}.Release|Any CPU.ActiveCfg = Release|Any CPU
		{0AFEF43E-AFCD-49FA-816F-D1DD3EE0D16F}.Release|Any CPU.Build.0 = Release|Any CPU
		{898750A0-913D-4FE5-A87A-7288BA066564}.Debug|Any CPU.ActiveCfg = Debug|Any CPU
		{898750A0-913D-4FE5-A87A-7288BA066564}.Debug|Any CPU.Build.0 = Debug|Any CPU
		{898750A0-913D-4FE5-A87A-7288BA066564}.Release|Any CPU.ActiveCfg = Release|Any CPU
		{898750A0-913D-4FE5-A87A-7288BA066564}.Release|Any CPU.Build.0 = Release|Any CPU
		{DFD8F14C-DE89-4930-A441-2DD75EB41BF4}.Debug|Any CPU.ActiveCfg = Debug|Any CPU
		{DFD8F14C-DE89-4930-A441-2DD75EB41BF4}.Debug|Any CPU.Build.0 = Debug|Any CPU
		{DFD8F14C-DE89-4930-A441-2DD75EB41BF4}.Release|Any CPU.ActiveCfg = Release|Any CPU
		{DFD8F14C-DE89-4930-A441-2DD75EB41BF4}.Release|Any CPU.Build.0 = Release|Any CPU
		{B47690D9-B414-4721-9FEE-68F198E1BBB9}.Debug|Any CPU.ActiveCfg = Debug|Any CPU
		{B47690D9-B414-4721-9FEE-68F198E1BBB9}.Debug|Any CPU.Build.0 = Debug|Any CPU
		{B47690D9-B414-4721-9FEE-68F198E1BBB9}.Release|Any CPU.ActiveCfg = Release|Any CPU
		{B47690D9-B414-4721-9FEE-68F198E1BBB9}.Release|Any CPU.Build.0 = Release|Any CPU
		{AF7E512A-4FCB-4016-A2ED-A9DD9761668D}.Debug|Any CPU.ActiveCfg = Debug|Any CPU
		{AF7E512A-4FCB-4016-A2ED-A9DD9761668D}.Debug|Any CPU.Build.0 = Debug|Any CPU
		{AF7E512A-4FCB-4016-A2ED-A9DD9761668D}.Release|Any CPU.ActiveCfg = Release|Any CPU
		{AF7E512A-4FCB-4016-A2ED-A9DD9761668D}.Release|Any CPU.Build.0 = Release|Any CPU
	EndGlobalSection
	GlobalSection(SolutionProperties) = preSolution
		HideSolutionNode = FALSE
	EndGlobalSection
	GlobalSection(ExtensibilityGlobals) = postSolution
		SolutionGuid = {56866E69-67DA-4730-B517-0294943270E8}
	EndGlobalSection
EndGlobal
