
Microsoft Visual Studio Solution File, Format Version 12.00
# Visual Studio Version 17
VisualStudioVersion = 17.1.32210.238
MinimumVisualStudioVersion = 10.0.40219.1
Project("{9A19103F-16F7-4668-BE54-9A1E7A4F7556}") = "TestJsonRazbor", "TestJsonRazbor\TestJsonRazbor.csproj", "{6A4FB636-033D-4F28-BC83-B331C3F63EC7}"
EndProject
Project("{9A19103F-16F7-4668-BE54-9A1E7A4F7556}") = "ParserLibrary", "ParserLibrary\ParserLibrary.csproj", "{C4F3E7EF-5767-4074-B5C5-73E108CB3F44}"
EndProject
Project("{9A19103F-16F7-4668-BE54-9A1E7A4F7556}") = "ConsoleIntegrityUtility", "ConsoleIntegrityUtility\ConsoleIntegrityUtility.csproj", "{7DAFDB2C-3564-408B-89EF-1CEF04BE8504}"
EndProject
Project("{9A19103F-16F7-4668-BE54-9A1E7A4F7556}") = "ConsoleAppTestUtility", "ConsoleAppTestUtility\ConsoleAppTestUtility.csproj", "{9F81FDDE-1A8F-4B8A-BE4C-8C7ED3BAA9CB}"
EndProject
Project("{9A19103F-16F7-4668-BE54-9A1E7A4F7556}") = "WebApiConsoleUtility", "WebApiConsoleUtility\WebApiConsoleUtility.csproj", "{0FFC7300-24FB-4739-9AD0-BE458EF6B04B}"
EndProject
Project("{9A19103F-16F7-4668-BE54-9A1E7A4F7556}") = "ParserLibrary.Tests", "ParserLibrary.Tests\ParserLibrary.Tests.csproj", "{DD07AA1A-F72A-4787-8C16-99342BB9615D}"
EndProject
Project("{9A19103F-16F7-4668-BE54-9A1E7A4F7556}") = "TIPConsoleTest", "TIPConsoleTest\TIPConsoleTest.csproj", "{12D07772-2922-4B4B-BC77-F0FC282F759A}"
EndProject
Project("{9A19103F-16F7-4668-BE54-9A1E7A4F7556}") = "CamundaInterface", "CamundaInterface\CamundaInterface.csproj", "{DFD8F14C-DE89-4930-A441-2DD75EB41BF4}"
EndProject
Project("{9A19103F-16F7-4668-BE54-9A1E7A4F7556}") = "ConsoleAppIUCamunda", "ConsoleAppIUCamunda\ConsoleAppIUCamunda.csproj", "{B47690D9-B414-4721-9FEE-68F198E1BBB9}"
EndProject
Project("{9A19103F-16F7-4668-BE54-9A1E7A4F7556}") = "DMN_lib", "DMN_lib\DMN_lib.csproj", "{AF7E512A-4FCB-4016-A2ED-A9DD9761668D}"
EndProject
Project("{9A19103F-16F7-4668-BE54-9A1E7A4F7556}") = "ConsolePerformanceTest", "ConsolePerformanceTest\ConsolePerformanceTest.csproj", "{8E8FEC63-0B57-4D56-9D9E-AA399C31E48E}"
EndProject
Project("{9A19103F-16F7-4668-BE54-9A1E7A4F7556}") = "StandaloneKestrel", "StandaloneKestrel\StandaloneKestrel.csproj", "{DDFA2750-EF3D-4852-A615-A5BD3ED5A7F7}"
EndProject
Project("{9A19103F-16F7-4668-BE54-9A1E7A4F7556}") = "CCFAProtocols", "CCFAProtocols\CCFAProtocols.csproj", "{21E80E2D-96FB-4083-83D2-6E646F7BF814}"
EndProject
Project("{9A19103F-16F7-4668-BE54-9A1E7A4F7556}") = "CCFAProtocols.Tests", "CCFAProtocols.Tests\CCFAProtocols.Tests.csproj", "{990304AA-942A-442F-B419-34CB7A5AB57B}"
EndProject
Project("{9A19103F-16F7-4668-BE54-9A1E7A4F7556}") = "UAMP", "UAMP\UAMP.csproj", "{2D62CE75-8657-463B-84D0-ACB79C282D27}"
EndProject
Project("{9A19103F-16F7-4668-BE54-9A1E7A4F7556}") = "UAMP.Tests", "UAMP.Tests\UAMP.Tests.csproj", "{25BEBC28-87E1-4860-ADFB-EB59A13D3CDF}"
EndProject
Project("{9A19103F-16F7-4668-BE54-9A1E7A4F7556}") = "CamundaDefinitionInterfaces", "CamundaInterfaces\CamundaDefinitionInterfaces.csproj", "{CEE61B0C-4F19-4FCA-AE0C-CA2144537AE5}"
EndProject
Project("{9A19103F-16F7-4668-BE54-9A1E7A4F7556}") = "WinFormsETLPackagedCreator", "WinFormsApp1\WinFormsETLPackagedCreator.csproj", "{5EDFC4AD-F616-452A-9583-1DAA564EB8C1}"
EndProject
Project("{9A19103F-16F7-4668-BE54-9A1E7A4F7556}") = "WebApiCamundaExecutors", "WebApiCamundaExecutors\WebApiCamundaExecutors.csproj", "{68B8B988-5F16-46E2-B66A-E0278981DE19}"
EndProject
Project("{FAE04EC0-301F-11D3-BF4B-00C04F79EFBC}") = "GraphVizWrapper", "GraphVizWrapper\GraphVizWrapper.csproj", "{CFEC60DC-14E0-47E4-A60E-8919FB5FEF5D}"
EndProject
Project("{9A19103F-16F7-4668-BE54-9A1E7A4F7556}") = "BlazorAppCreateETL.Server", "BlazorAppCreateETL\Server\BlazorAppCreateETL.Server.csproj", "{F58E1599-6DB0-43CF-9D0F-54147E854AEA}"
EndProject
Project("{9A19103F-16F7-4668-BE54-9A1E7A4F7556}") = "BlazorAppCreateETL.Client", "BlazorAppCreateETL\Client\BlazorAppCreateETL.Client.csproj", "{460688F2-7746-4B12-9129-39E0B050B4C7}"
EndProject
Project("{9A19103F-16F7-4668-BE54-9A1E7A4F7556}") = "BlazorAppCreateETL.Shared", "BlazorAppCreateETL\Shared\BlazorAppCreateETL.Shared.csproj", "{8D442154-6667-42BA-AD34-BECCD3032144}"
EndProject
Project("{9A19103F-16F7-4668-BE54-9A1E7A4F7556}") = "ETL_DB_Interface", "ETL_DB_Interface\ETL_DB_Interface.csproj", "{EDE9E80F-FDBC-4CBB-810E-9F5E5A5EA7E6}"
EndProject
Project("{FAE04EC0-301F-11D3-BF4B-00C04F79EFBC}") = "Plugins", "Plugins\Plugins.csproj", "{A7129F53-2E97-4194-B0A8-739E564C544E}"
EndProject
Project("{FAE04EC0-301F-11D3-BF4B-00C04F79EFBC}") = "ConsoleDotLiquid", "ConsoleDotLiquid\ConsoleDotLiquid.csproj", "{120D5658-B751-4F37-B560-3B66CA017489}"
EndProject
Project("{FAE04EC0-301F-11D3-BF4B-00C04F79EFBC}") = "NewParserLibraryShablon", "NewParserLibraryShablon\NewParserLibraryShablon.csproj", "{FD1CC163-39E4-4E2C-83BB-A7D4089A73B0}"
EndProject
Project("{FAE04EC0-301F-11D3-BF4B-00C04F79EFBC}") = "ThreadTests", "ThreadTests\ThreadTests.csproj", "{832CBA2B-691F-4DE9-A2E0-E4B56B275436}"
EndProject
Global
	GlobalSection(SolutionConfigurationPlatforms) = preSolution
		Debug|Any CPU = Debug|Any CPU
		Release|Any CPU = Release|Any CPU
	EndGlobalSection
	GlobalSection(ProjectConfigurationPlatforms) = postSolution
		{6A4FB636-033D-4F28-BC83-B331C3F63EC7}.Debug|Any CPU.ActiveCfg = Debug|Any CPU
		{6A4FB636-033D-4F28-BC83-B331C3F63EC7}.Debug|Any CPU.Build.0 = Debug|Any CPU
		{6A4FB636-033D-4F28-BC83-B331C3F63EC7}.Release|Any CPU.ActiveCfg = Release|Any CPU
		{6A4FB636-033D-4F28-BC83-B331C3F63EC7}.Release|Any CPU.Build.0 = Release|Any CPU
		{C4F3E7EF-5767-4074-B5C5-73E108CB3F44}.Debug|Any CPU.ActiveCfg = Debug|Any CPU
		{C4F3E7EF-5767-4074-B5C5-73E108CB3F44}.Debug|Any CPU.Build.0 = Debug|Any CPU
		{C4F3E7EF-5767-4074-B5C5-73E108CB3F44}.Release|Any CPU.ActiveCfg = Release|Any CPU
		{C4F3E7EF-5767-4074-B5C5-73E108CB3F44}.Release|Any CPU.Build.0 = Release|Any CPU
		{7DAFDB2C-3564-408B-89EF-1CEF04BE8504}.Debug|Any CPU.ActiveCfg = Debug|Any CPU
		{7DAFDB2C-3564-408B-89EF-1CEF04BE8504}.Debug|Any CPU.Build.0 = Debug|Any CPU
		{7DAFDB2C-3564-408B-89EF-1CEF04BE8504}.Release|Any CPU.ActiveCfg = Release|Any CPU
		{7DAFDB2C-3564-408B-89EF-1CEF04BE8504}.Release|Any CPU.Build.0 = Release|Any CPU
		{9F81FDDE-1A8F-4B8A-BE4C-8C7ED3BAA9CB}.Debug|Any CPU.ActiveCfg = Debug|Any CPU
		{9F81FDDE-1A8F-4B8A-BE4C-8C7ED3BAA9CB}.Debug|Any CPU.Build.0 = Debug|Any CPU
		{9F81FDDE-1A8F-4B8A-BE4C-8C7ED3BAA9CB}.Release|Any CPU.ActiveCfg = Release|Any CPU
		{9F81FDDE-1A8F-4B8A-BE4C-8C7ED3BAA9CB}.Release|Any CPU.Build.0 = Release|Any CPU
		{0FFC7300-24FB-4739-9AD0-BE458EF6B04B}.Debug|Any CPU.ActiveCfg = Debug|Any CPU
		{0FFC7300-24FB-4739-9AD0-BE458EF6B04B}.Debug|Any CPU.Build.0 = Debug|Any CPU
		{0FFC7300-24FB-4739-9AD0-BE458EF6B04B}.Release|Any CPU.ActiveCfg = Release|Any CPU
		{0FFC7300-24FB-4739-9AD0-BE458EF6B04B}.Release|Any CPU.Build.0 = Release|Any CPU
		{DD07AA1A-F72A-4787-8C16-99342BB9615D}.Debug|Any CPU.ActiveCfg = Debug|Any CPU
		{DD07AA1A-F72A-4787-8C16-99342BB9615D}.Debug|Any CPU.Build.0 = Debug|Any CPU
		{DD07AA1A-F72A-4787-8C16-99342BB9615D}.Release|Any CPU.ActiveCfg = Release|Any CPU
		{DD07AA1A-F72A-4787-8C16-99342BB9615D}.Release|Any CPU.Build.0 = Release|Any CPU
		{12D07772-2922-4B4B-BC77-F0FC282F759A}.Debug|Any CPU.ActiveCfg = Debug|Any CPU
		{12D07772-2922-4B4B-BC77-F0FC282F759A}.Debug|Any CPU.Build.0 = Debug|Any CPU
		{12D07772-2922-4B4B-BC77-F0FC282F759A}.Release|Any CPU.ActiveCfg = Release|Any CPU
		{12D07772-2922-4B4B-BC77-F0FC282F759A}.Release|Any CPU.Build.0 = Release|Any CPU
		{DFD8F14C-DE89-4930-A441-2DD75EB41BF4}.Debug|Any CPU.ActiveCfg = Debug|Any CPU
		{DFD8F14C-DE89-4930-A441-2DD75EB41BF4}.Debug|Any CPU.Build.0 = Debug|Any CPU
		{DFD8F14C-DE89-4930-A441-2DD75EB41BF4}.Release|Any CPU.ActiveCfg = Release|Any CPU
		{DFD8F14C-DE89-4930-A441-2DD75EB41BF4}.Release|Any CPU.Build.0 = Release|Any CPU
		{B47690D9-B414-4721-9FEE-68F198E1BBB9}.Debug|Any CPU.ActiveCfg = Debug|Any CPU
		{B47690D9-B414-4721-9FEE-68F198E1BBB9}.Debug|Any CPU.Build.0 = Debug|Any CPU
		{B47690D9-B414-4721-9FEE-68F198E1BBB9}.Release|Any CPU.ActiveCfg = Release|Any CPU
		{B47690D9-B414-4721-9FEE-68F198E1BBB9}.Release|Any CPU.Build.0 = Release|Any CPU
		{AF7E512A-4FCB-4016-A2ED-A9DD9761668D}.Debug|Any CPU.ActiveCfg = Debug|Any CPU
		{AF7E512A-4FCB-4016-A2ED-A9DD9761668D}.Debug|Any CPU.Build.0 = Debug|Any CPU
		{AF7E512A-4FCB-4016-A2ED-A9DD9761668D}.Release|Any CPU.ActiveCfg = Release|Any CPU
		{AF7E512A-4FCB-4016-A2ED-A9DD9761668D}.Release|Any CPU.Build.0 = Release|Any CPU
		{8E8FEC63-0B57-4D56-9D9E-AA399C31E48E}.Debug|Any CPU.ActiveCfg = Debug|Any CPU
		{8E8FEC63-0B57-4D56-9D9E-AA399C31E48E}.Debug|Any CPU.Build.0 = Debug|Any CPU
		{8E8FEC63-0B57-4D56-9D9E-AA399C31E48E}.Release|Any CPU.ActiveCfg = Release|Any CPU
		{8E8FEC63-0B57-4D56-9D9E-AA399C31E48E}.Release|Any CPU.Build.0 = Release|Any CPU
		{DDFA2750-EF3D-4852-A615-A5BD3ED5A7F7}.Debug|Any CPU.ActiveCfg = Debug|Any CPU
		{DDFA2750-EF3D-4852-A615-A5BD3ED5A7F7}.Debug|Any CPU.Build.0 = Debug|Any CPU
		{DDFA2750-EF3D-4852-A615-A5BD3ED5A7F7}.Release|Any CPU.ActiveCfg = Release|Any CPU
		{DDFA2750-EF3D-4852-A615-A5BD3ED5A7F7}.Release|Any CPU.Build.0 = Release|Any CPU
		{21E80E2D-96FB-4083-83D2-6E646F7BF814}.Debug|Any CPU.ActiveCfg = Debug|Any CPU
		{21E80E2D-96FB-4083-83D2-6E646F7BF814}.Debug|Any CPU.Build.0 = Debug|Any CPU
		{21E80E2D-96FB-4083-83D2-6E646F7BF814}.Release|Any CPU.ActiveCfg = Release|Any CPU
		{21E80E2D-96FB-4083-83D2-6E646F7BF814}.Release|Any CPU.Build.0 = Release|Any CPU
		{990304AA-942A-442F-B419-34CB7A5AB57B}.Debug|Any CPU.ActiveCfg = Debug|Any CPU
		{990304AA-942A-442F-B419-34CB7A5AB57B}.Debug|Any CPU.Build.0 = Debug|Any CPU
		{990304AA-942A-442F-B419-34CB7A5AB57B}.Release|Any CPU.ActiveCfg = Release|Any CPU
		{990304AA-942A-442F-B419-34CB7A5AB57B}.Release|Any CPU.Build.0 = Release|Any CPU
		{2D62CE75-8657-463B-84D0-ACB79C282D27}.Debug|Any CPU.ActiveCfg = Debug|Any CPU
		{2D62CE75-8657-463B-84D0-ACB79C282D27}.Debug|Any CPU.Build.0 = Debug|Any CPU
		{2D62CE75-8657-463B-84D0-ACB79C282D27}.Release|Any CPU.ActiveCfg = Release|Any CPU
		{2D62CE75-8657-463B-84D0-ACB79C282D27}.Release|Any CPU.Build.0 = Release|Any CPU
		{25BEBC28-87E1-4860-ADFB-EB59A13D3CDF}.Debug|Any CPU.ActiveCfg = Debug|Any CPU
		{25BEBC28-87E1-4860-ADFB-EB59A13D3CDF}.Debug|Any CPU.Build.0 = Debug|Any CPU
		{25BEBC28-87E1-4860-ADFB-EB59A13D3CDF}.Release|Any CPU.ActiveCfg = Release|Any CPU
		{25BEBC28-87E1-4860-ADFB-EB59A13D3CDF}.Release|Any CPU.Build.0 = Release|Any CPU
		{CEE61B0C-4F19-4FCA-AE0C-CA2144537AE5}.Debug|Any CPU.ActiveCfg = Debug|Any CPU
		{CEE61B0C-4F19-4FCA-AE0C-CA2144537AE5}.Debug|Any CPU.Build.0 = Debug|Any CPU
		{CEE61B0C-4F19-4FCA-AE0C-CA2144537AE5}.Release|Any CPU.ActiveCfg = Release|Any CPU
		{CEE61B0C-4F19-4FCA-AE0C-CA2144537AE5}.Release|Any CPU.Build.0 = Release|Any CPU
		{5EDFC4AD-F616-452A-9583-1DAA564EB8C1}.Debug|Any CPU.ActiveCfg = Debug|Any CPU
		{5EDFC4AD-F616-452A-9583-1DAA564EB8C1}.Debug|Any CPU.Build.0 = Debug|Any CPU
		{5EDFC4AD-F616-452A-9583-1DAA564EB8C1}.Release|Any CPU.ActiveCfg = Release|Any CPU
		{5EDFC4AD-F616-452A-9583-1DAA564EB8C1}.Release|Any CPU.Build.0 = Release|Any CPU
		{68B8B988-5F16-46E2-B66A-E0278981DE19}.Debug|Any CPU.ActiveCfg = Debug|Any CPU
		{68B8B988-5F16-46E2-B66A-E0278981DE19}.Debug|Any CPU.Build.0 = Debug|Any CPU
		{68B8B988-5F16-46E2-B66A-E0278981DE19}.Release|Any CPU.ActiveCfg = Release|Any CPU
		{68B8B988-5F16-46E2-B66A-E0278981DE19}.Release|Any CPU.Build.0 = Release|Any CPU
		{CFEC60DC-14E0-47E4-A60E-8919FB5FEF5D}.Debug|Any CPU.ActiveCfg = Debug|Any CPU
		{CFEC60DC-14E0-47E4-A60E-8919FB5FEF5D}.Debug|Any CPU.Build.0 = Debug|Any CPU
		{CFEC60DC-14E0-47E4-A60E-8919FB5FEF5D}.Release|Any CPU.ActiveCfg = Release|Any CPU
		{CFEC60DC-14E0-47E4-A60E-8919FB5FEF5D}.Release|Any CPU.Build.0 = Release|Any CPU
		{F58E1599-6DB0-43CF-9D0F-54147E854AEA}.Debug|Any CPU.ActiveCfg = Debug|Any CPU
		{F58E1599-6DB0-43CF-9D0F-54147E854AEA}.Debug|Any CPU.Build.0 = Debug|Any CPU
		{F58E1599-6DB0-43CF-9D0F-54147E854AEA}.Release|Any CPU.ActiveCfg = Release|Any CPU
		{F58E1599-6DB0-43CF-9D0F-54147E854AEA}.Release|Any CPU.Build.0 = Release|Any CPU
		{460688F2-7746-4B12-9129-39E0B050B4C7}.Debug|Any CPU.ActiveCfg = Debug|Any CPU
		{460688F2-7746-4B12-9129-39E0B050B4C7}.Debug|Any CPU.Build.0 = Debug|Any CPU
		{460688F2-7746-4B12-9129-39E0B050B4C7}.Release|Any CPU.ActiveCfg = Release|Any CPU
		{460688F2-7746-4B12-9129-39E0B050B4C7}.Release|Any CPU.Build.0 = Release|Any CPU
		{8D442154-6667-42BA-AD34-BECCD3032144}.Debug|Any CPU.ActiveCfg = Debug|Any CPU
		{8D442154-6667-42BA-AD34-BECCD3032144}.Debug|Any CPU.Build.0 = Debug|Any CPU
		{8D442154-6667-42BA-AD34-BECCD3032144}.Release|Any CPU.ActiveCfg = Release|Any CPU
		{8D442154-6667-42BA-AD34-BECCD3032144}.Release|Any CPU.Build.0 = Release|Any CPU
		{EDE9E80F-FDBC-4CBB-810E-9F5E5A5EA7E6}.Debug|Any CPU.ActiveCfg = Debug|Any CPU
		{EDE9E80F-FDBC-4CBB-810E-9F5E5A5EA7E6}.Debug|Any CPU.Build.0 = Debug|Any CPU
		{EDE9E80F-FDBC-4CBB-810E-9F5E5A5EA7E6}.Release|Any CPU.ActiveCfg = Release|Any CPU
		{EDE9E80F-FDBC-4CBB-810E-9F5E5A5EA7E6}.Release|Any CPU.Build.0 = Release|Any CPU
		{A7129F53-2E97-4194-B0A8-739E564C544E}.Debug|Any CPU.ActiveCfg = Debug|Any CPU
		{A7129F53-2E97-4194-B0A8-739E564C544E}.Debug|Any CPU.Build.0 = Debug|Any CPU
		{A7129F53-2E97-4194-B0A8-739E564C544E}.Release|Any CPU.ActiveCfg = Release|Any CPU
		{A7129F53-2E97-4194-B0A8-739E564C544E}.Release|Any CPU.Build.0 = Release|Any CPU
		{120D5658-B751-4F37-B560-3B66CA017489}.Debug|Any CPU.ActiveCfg = Debug|Any CPU
		{120D5658-B751-4F37-B560-3B66CA017489}.Debug|Any CPU.Build.0 = Debug|Any CPU
		{120D5658-B751-4F37-B560-3B66CA017489}.Release|Any CPU.ActiveCfg = Release|Any CPU
		{120D5658-B751-4F37-B560-3B66CA017489}.Release|Any CPU.Build.0 = Release|Any CPU
		{FD1CC163-39E4-4E2C-83BB-A7D4089A73B0}.Debug|Any CPU.ActiveCfg = Debug|Any CPU
		{FD1CC163-39E4-4E2C-83BB-A7D4089A73B0}.Debug|Any CPU.Build.0 = Debug|Any CPU
		{FD1CC163-39E4-4E2C-83BB-A7D4089A73B0}.Release|Any CPU.ActiveCfg = Release|Any CPU
		{FD1CC163-39E4-4E2C-83BB-A7D4089A73B0}.Release|Any CPU.Build.0 = Release|Any CPU
		{832CBA2B-691F-4DE9-A2E0-E4B56B275436}.Debug|Any CPU.ActiveCfg = Debug|Any CPU
		{832CBA2B-691F-4DE9-A2E0-E4B56B275436}.Debug|Any CPU.Build.0 = Debug|Any CPU
		{832CBA2B-691F-4DE9-A2E0-E4B56B275436}.Release|Any CPU.ActiveCfg = Release|Any CPU
		{832CBA2B-691F-4DE9-A2E0-E4B56B275436}.Release|Any CPU.Build.0 = Release|Any CPU
	EndGlobalSection
	GlobalSection(SolutionProperties) = preSolution
		HideSolutionNode = FALSE
	EndGlobalSection
	GlobalSection(ExtensibilityGlobals) = postSolution
		SolutionGuid = {56866E69-67DA-4730-B517-0294943270E8}
	EndGlobalSection
EndGlobal
